
Microsoft Visual Studio Solution File, Format Version 12.00
# Visual Studio Version 17
VisualStudioVersion = 17.13.35919.96 d17.13
MinimumVisualStudioVersion = 10.0.40219.1
Project("{FAE04EC0-301F-11D3-BF4B-00C04F79EFBC}") = "USB_DALI", "USB_DALI\USB_DALI.csproj", "{2DBBAA65-212F-4B50-B3B5-69E090CCCDCA}"
EndProject
Global
	GlobalSection(SolutionConfigurationPlatforms) = preSolution
		Debug|Any CPU = Debug|Any CPU
		Release|Any CPU = Release|Any CPU
	EndGlobalSection
	GlobalSection(ProjectConfigurationPlatforms) = postSolution
		{2DBBAA65-212F-4B50-B3B5-69E090CCCDCA}.Debug|Any CPU.ActiveCfg = Debug|Any CPU
		{2DBBAA65-212F-4B50-B3B5-69E090CCCDCA}.Debug|Any CPU.Build.0 = Debug|Any CPU
		{2DBBAA65-212F-4B50-B3B5-69E090CCCDCA}.Release|Any CPU.ActiveCfg = Release|Any CPU
		{2DBBAA65-212F-4B50-B3B5-69E090CCCDCA}.Release|Any CPU.Build.0 = Release|Any CPU
	EndGlobalSection
	GlobalSection(SolutionProperties) = preSolution
		HideSolutionNode = FALSE
	EndGlobalSection
	GlobalSection(ExtensibilityGlobals) = postSolution
		SolutionGuid = {F98A06F4-560B-4ABE-8E32-EF5163407BF7}
	EndGlobalSection
EndGlobal
